
Microsoft Visual Studio Solution File, Format Version 12.00
# Visual Studio 15
VisualStudioVersion = 15.0.28307.572
MinimumVisualStudioVersion = 10.0.40219.1
Project("{9A19103F-16F7-4668-BE54-9A1E7A4F7556}") = "Documentation.Analyser", "Documentation.Analyser\Documentation.Analyser.csproj", "{AB110920-C18B-4339-BBC9-EFFC9558FDA1}"
EndProject
Project("{9A19103F-16F7-4668-BE54-9A1E7A4F7556}") = "Documentation.Analyser.Test", "Documentation.Analyser.Test\Documentation.Analyser.Test.csproj", "{B6356CAB-A95D-4C67-88DC-18EB553CF62E}"
EndProject
Project("{FAE04EC0-301F-11D3-BF4B-00C04F79EFBC}") = "Documentation.Analyser.Vsix", "Documentation.Analyser.Vsix\Documentation.Analyser.Vsix.csproj", "{D41F404F-C959-4F67-8EDD-63DE43101A7A}"
EndProject
Global
	GlobalSection(SolutionConfigurationPlatforms) = preSolution
		Debug|Any CPU = Debug|Any CPU
		Release|Any CPU = Release|Any CPU
	EndGlobalSection
	GlobalSection(ProjectConfigurationPlatforms) = postSolution
		{AB110920-C18B-4339-BBC9-EFFC9558FDA1}.Debug|Any CPU.ActiveCfg = Debug|Any CPU
		{AB110920-C18B-4339-BBC9-EFFC9558FDA1}.Debug|Any CPU.Build.0 = Debug|Any CPU
		{AB110920-C18B-4339-BBC9-EFFC9558FDA1}.Release|Any CPU.ActiveCfg = Release|Any CPU
		{AB110920-C18B-4339-BBC9-EFFC9558FDA1}.Release|Any CPU.Build.0 = Release|Any CPU
		{B6356CAB-A95D-4C67-88DC-18EB553CF62E}.Debug|Any CPU.ActiveCfg = Debug|Any CPU
		{B6356CAB-A95D-4C67-88DC-18EB553CF62E}.Debug|Any CPU.Build.0 = Debug|Any CPU
		{B6356CAB-A95D-4C67-88DC-18EB553CF62E}.Release|Any CPU.ActiveCfg = Release|Any CPU
		{B6356CAB-A95D-4C67-88DC-18EB553CF62E}.Release|Any CPU.Build.0 = Release|Any CPU
		{D41F404F-C959-4F67-8EDD-63DE43101A7A}.Debug|Any CPU.ActiveCfg = Debug|Any CPU
		{D41F404F-C959-4F67-8EDD-63DE43101A7A}.Debug|Any CPU.Build.0 = Debug|Any CPU
		{D41F404F-C959-4F67-8EDD-63DE43101A7A}.Release|Any CPU.ActiveCfg = Release|Any CPU
		{D41F404F-C959-4F67-8EDD-63DE43101A7A}.Release|Any CPU.Build.0 = Release|Any CPU
	EndGlobalSection
	GlobalSection(SolutionProperties) = preSolution
		HideSolutionNode = FALSE
	EndGlobalSection
	GlobalSection(ExtensibilityGlobals) = postSolution
		SolutionGuid = {1C3DB7A1-041A-44C5-9DEE-6059514C66EF}
	EndGlobalSection
EndGlobal
